
Microsoft Visual Studio Solution File, Format Version 12.00
# Visual Studio Version 17
VisualStudioVersion = 17.1.32210.238
MinimumVisualStudioVersion = 10.0.40219.1
Project("{FAE04EC0-301F-11D3-BF4B-00C04F79EFBC}") = "GarageOpener", "GarageOpener\GarageOpener.csproj", "{8AD37CD5-5FAD-4550-B26C-FA31AAC62A44}"
EndProject
Global
	GlobalSection(SolutionConfigurationPlatforms) = preSolution
		Debug|Any CPU = Debug|Any CPU
		Release|Any CPU = Release|Any CPU
	EndGlobalSection
	GlobalSection(ProjectConfigurationPlatforms) = postSolution
		{8AD37CD5-5FAD-4550-B26C-FA31AAC62A44}.Debug|Any CPU.ActiveCfg = Debug|Any CPU
		{8AD37CD5-5FAD-4550-B26C-FA31AAC62A44}.Debug|Any CPU.Build.0 = Debug|Any CPU
		{8AD37CD5-5FAD-4550-B26C-FA31AAC62A44}.Release|Any CPU.ActiveCfg = Release|Any CPU
		{8AD37CD5-5FAD-4550-B26C-FA31AAC62A44}.Release|Any CPU.Build.0 = Release|Any CPU
	EndGlobalSection
	GlobalSection(SolutionProperties) = preSolution
		HideSolutionNode = FALSE
	EndGlobalSection
	GlobalSection(ExtensibilityGlobals) = postSolution
		SolutionGuid = {A85F96CC-5A53-42B8-AB4D-4829FFFFCC2F}
	EndGlobalSection
EndGlobal
